
Microsoft Visual Studio Solution File, Format Version 12.00
# Visual Studio Version 17
VisualStudioVersion = 17.5.33516.290
MinimumVisualStudioVersion = 10.0.40219.1
Project("{9A19103F-16F7-4668-BE54-9A1E7A4F7556}") = "OpenAPI.Evaluation.AspNet", "src\OpenAPI.Evaluation.AspNet\OpenAPI.Evaluation.AspNet.csproj", "{8321C244-8290-4F28-885F-30DCA51260D2}"
EndProject
Project("{9A19103F-16F7-4668-BE54-9A1E7A4F7556}") = "OpenAPI.Evaluation.AspNet.IntegrationTests", "tests\OpenAPI.Evaluation.AspNet.IntegrationTests\OpenAPI.Evaluation.AspNet.IntegrationTests.csproj", "{6FF7EACF-68BF-441B-9E70-E93093F77267}"
EndProject
Global
	GlobalSection(SolutionConfigurationPlatforms) = preSolution
		Debug|Any CPU = Debug|Any CPU
		Release|Any CPU = Release|Any CPU
	EndGlobalSection
	GlobalSection(ProjectConfigurationPlatforms) = postSolution
		{8321C244-8290-4F28-885F-30DCA51260D2}.Debug|Any CPU.ActiveCfg = Debug|Any CPU
		{8321C244-8290-4F28-885F-30DCA51260D2}.Debug|Any CPU.Build.0 = Debug|Any CPU
		{8321C244-8290-4F28-885F-30DCA51260D2}.Release|Any CPU.ActiveCfg = Release|Any CPU
		{8321C244-8290-4F28-885F-30DCA51260D2}.Release|Any CPU.Build.0 = Release|Any CPU
		{6FF7EACF-68BF-441B-9E70-E93093F77267}.Debug|Any CPU.ActiveCfg = Debug|Any CPU
		{6FF7EACF-68BF-441B-9E70-E93093F77267}.Debug|Any CPU.Build.0 = Debug|Any CPU
		{6FF7EACF-68BF-441B-9E70-E93093F77267}.Release|Any CPU.ActiveCfg = Release|Any CPU
		{6FF7EACF-68BF-441B-9E70-E93093F77267}.Release|Any CPU.Build.0 = Release|Any CPU
	EndGlobalSection
	GlobalSection(SolutionProperties) = preSolution
		HideSolutionNode = FALSE
	EndGlobalSection
	GlobalSection(ExtensibilityGlobals) = postSolution
		SolutionGuid = {10BAE4BE-AFDE-495C-9DCC-7734F5B628B7}
	EndGlobalSection
EndGlobal
